// !$*UTF8*$!
{
	archiveVersion = 1;
	classes = {
	};
	objectVersion = 55;
	objects = {

/* Begin PBXBuildFile section */
		FD5F96B4272BD17100C445C7 /* ColorChangerApp.swift in Sources */ = {isa = PBXBuildFile; fileRef = FD5F96B3272BD17100C445C7 /* ColorChangerApp.swift */; };
		FD5F96B8272BD17300C445C7 /* Assets.xcassets in Resources */ = {isa = PBXBuildFile; fileRef = FD5F96B7272BD17300C445C7 /* Assets.xcassets */; };
		FD5F96BB272BD17300C445C7 /* Preview Assets.xcassets in Resources */ = {isa = PBXBuildFile; fileRef = FD5F96BA272BD17300C445C7 /* Preview Assets.xcassets */; };
		FD5F96C2272BD28600C445C7 /* MainView.swift in Sources */ = {isa = PBXBuildFile; fileRef = FD5F96C1272BD28600C445C7 /* MainView.swift */; };
		FDC524F3272D33F3005FCB37 /* SliderGroupView.swift in Sources */ = {isa = PBXBuildFile; fileRef = FDC524F2272D33F3005FCB37 /* SliderGroupView.swift */; };
		FDC524F5272D38A9005FCB37 /* ColorPresentingView.swift in Sources */ = {isa = PBXBuildFile; fileRef = FDC524F4272D38A9005FCB37 /* ColorPresentingView.swift */; };
		FDC525052731017C005FCB37 /* SliderView.swift in Sources */ = {isa = PBXBuildFile; fileRef = FDC525042731017C005FCB37 /* SliderView.swift */; };
		FDC52507273101B7005FCB37 /* SliderTextFieldView.swift in Sources */ = {isa = PBXBuildFile; fileRef = FDC52506273101B7005FCB37 /* SliderTextFieldView.swift */; };
		FDC52509273101FD005FCB37 /* SliderTextView.swift in Sources */ = {isa = PBXBuildFile; fileRef = FDC52508273101FD005FCB37 /* SliderTextView.swift */; };
/* End PBXBuildFile section */

/* Begin PBXFileReference section */
		FD5F96B0272BD17100C445C7 /* ColorChanger.app */ = {isa = PBXFileReference; explicitFileType = wrapper.application; includeInIndex = 0; path = ColorChanger.app; sourceTree = BUILT_PRODUCTS_DIR; };
		FD5F96B3272BD17100C445C7 /* ColorChangerApp.swift */ = {isa = PBXFileReference; lastKnownFileType = sourcecode.swift; path = ColorChangerApp.swift; sourceTree = "<group>"; };
		FD5F96B7272BD17300C445C7 /* Assets.xcassets */ = {isa = PBXFileReference; lastKnownFileType = folder.assetcatalog; path = Assets.xcassets; sourceTree = "<group>"; };
		FD5F96BA272BD17300C445C7 /* Preview Assets.xcassets */ = {isa = PBXFileReference; lastKnownFileType = folder.assetcatalog; path = "Preview Assets.xcassets"; sourceTree = "<group>"; };
		FD5F96C1272BD28600C445C7 /* MainView.swift */ = {isa = PBXFileReference; lastKnownFileType = sourcecode.swift; path = MainView.swift; sourceTree = "<group>"; };
		FDC524F2272D33F3005FCB37 /* SliderGroupView.swift */ = {isa = PBXFileReference; lastKnownFileType = sourcecode.swift; path = SliderGroupView.swift; sourceTree = "<group>"; };
		FDC524F4272D38A9005FCB37 /* ColorPresentingView.swift */ = {isa = PBXFileReference; lastKnownFileType = sourcecode.swift; path = ColorPresentingView.swift; sourceTree = "<group>"; };
		FDC525042731017C005FCB37 /* SliderView.swift */ = {isa = PBXFileReference; lastKnownFileType = sourcecode.swift; path = SliderView.swift; sourceTree = "<group>"; };
		FDC52506273101B7005FCB37 /* SliderTextFieldView.swift */ = {isa = PBXFileReference; lastKnownFileType = sourcecode.swift; path = SliderTextFieldView.swift; sourceTree = "<group>"; };
		FDC52508273101FD005FCB37 /* SliderTextView.swift */ = {isa = PBXFileReference; lastKnownFileType = sourcecode.swift; path = SliderTextView.swift; sourceTree = "<group>"; };
/* End PBXFileReference section */

/* Begin PBXFrameworksBuildPhase section */
		FD5F96AD272BD17100C445C7 /* Frameworks */ = {
			isa = PBXFrameworksBuildPhase;
			buildActionMask = 2147483647;
			files = (
			);
			runOnlyForDeploymentPostprocessing = 0;
		};
/* End PBXFrameworksBuildPhase section */

/* Begin PBXGroup section */
		FD5F96A7272BD17100C445C7 = {
			isa = PBXGroup;
			children = (
				FD5F96B2272BD17100C445C7 /* ColorChanger */,
				FD5F96B1272BD17100C445C7 /* Products */,
			);
			sourceTree = "<group>";
		};
		FD5F96B1272BD17100C445C7 /* Products */ = {
			isa = PBXGroup;
			children = (
				FD5F96B0272BD17100C445C7 /* ColorChanger.app */,
			);
			name = Products;
			sourceTree = "<group>";
		};
		FD5F96B2272BD17100C445C7 /* ColorChanger */ = {
			isa = PBXGroup;
			children = (
				FD5F96B3272BD17100C445C7 /* ColorChangerApp.swift */,
				FD5F96C1272BD28600C445C7 /* MainView.swift */,
				FDC524F4272D38A9005FCB37 /* ColorPresentingView.swift */,
				FDC5250A2731025E005FCB37 /* Slider Group View */,
				FD5F96B7272BD17300C445C7 /* Assets.xcassets */,
				FD5F96B9272BD17300C445C7 /* Preview Content */,
			);
			path = ColorChanger;
			sourceTree = "<group>";
		};
		FD5F96B9272BD17300C445C7 /* Preview Content */ = {
			isa = PBXGroup;
			children = (
				FD5F96BA272BD17300C445C7 /* Preview Assets.xcassets */,
			);
			path = "Preview Content";
			sourceTree = "<group>";
		};
		FDC5250A2731025E005FCB37 /* Slider Group View */ = {
			isa = PBXGroup;
			children = (
				FDC524F2272D33F3005FCB37 /* SliderGroupView.swift */,
				FDC52508273101FD005FCB37 /* SliderTextView.swift */,
				FDC52506273101B7005FCB37 /* SliderTextFieldView.swift */,
				FDC525042731017C005FCB37 /* SliderView.swift */,
			);
			path = "Slider Group View";
			sourceTree = "<group>";
		};
/* End PBXGroup section */

/* Begin PBXNativeTarget section */
		FD5F96AF272BD17100C445C7 /* ColorChanger */ = {
			isa = PBXNativeTarget;
			buildConfigurationList = FD5F96BE272BD17300C445C7 /* Build configuration list for PBXNativeTarget "ColorChanger" */;
			buildPhases = (
				FD5F96AC272BD17100C445C7 /* Sources */,
				FD5F96AD272BD17100C445C7 /* Frameworks */,
				FD5F96AE272BD17100C445C7 /* Resources */,
			);
			buildRules = (
			);
			dependencies = (
			);
			name = ColorChanger;
			productName = ColorChanger;
			productReference = FD5F96B0272BD17100C445C7 /* ColorChanger.app */;
			productType = "com.apple.product-type.application";
		};
/* End PBXNativeTarget section */

/* Begin PBXProject section */
		FD5F96A8272BD17100C445C7 /* Project object */ = {
			isa = PBXProject;
			attributes = {
				BuildIndependentTargetsInParallel = 1;
				LastSwiftUpdateCheck = 1310;
				LastUpgradeCheck = 1310;
				TargetAttributes = {
					FD5F96AF272BD17100C445C7 = {
						CreatedOnToolsVersion = 13.1;
					};
				};
			};
			buildConfigurationList = FD5F96AB272BD17100C445C7 /* Build configuration list for PBXProject "ColorChanger" */;
			compatibilityVersion = "Xcode 13.0";
			developmentRegion = en;
			hasScannedForEncodings = 0;
			knownRegions = (
				en,
				Base,
			);
			mainGroup = FD5F96A7272BD17100C445C7;
			productRefGroup = FD5F96B1272BD17100C445C7 /* Products */;
			projectDirPath = "";
			projectRoot = "";
			targets = (
				FD5F96AF272BD17100C445C7 /* ColorChanger */,
			);
		};
/* End PBXProject section */

/* Begin PBXResourcesBuildPhase section */
		FD5F96AE272BD17100C445C7 /* Resources */ = {
			isa = PBXResourcesBuildPhase;
			buildActionMask = 2147483647;
			files = (
				FD5F96BB272BD17300C445C7 /* Preview Assets.xcassets in Resources */,
				FD5F96B8272BD17300C445C7 /* Assets.xcassets in Resources */,
			);
			runOnlyForDeploymentPostprocessing = 0;
		};
/* End PBXResourcesBuildPhase section */

/* Begin PBXSourcesBuildPhase section */
		FD5F96AC272BD17100C445C7 /* Sources */ = {
			isa = PBXSourcesBuildPhase;
			buildActionMask = 2147483647;
			files = (
				FD5F96C2272BD28600C445C7 /* MainView.swift in Sources */,
				FDC524F5272D38A9005FCB37 /* ColorPresentingView.swift in Sources */,
				FD5F96B4272BD17100C445C7 /* ColorChangerApp.swift in Sources */,
				FDC52507273101B7005FCB37 /* SliderTextFieldView.swift in Sources */,
				FDC524F3272D33F3005FCB37 /* SliderGroupView.swift in Sources */,
				FDC52509273101FD005FCB37 /* SliderTextView.swift in Sources */,
				FDC525052731017C005FCB37 /* SliderView.swift in Sources */,
			);
			runOnlyForDeploymentPostprocessing = 0;
		};
/* End PBXSourcesBuildPhase section */

/* Begin XCBuildConfiguration section */
		FD5F96BC272BD17300C445C7 /* Debug */ = {
			isa = XCBuildConfiguration;
			buildSettings = {
				ALWAYS_SEARCH_USER_PATHS = NO;
				CLANG_ANALYZER_NONNULL = YES;
				CLANG_ANALYZER_NUMBER_OBJECT_CONVERSION = YES_AGGRESSIVE;
				CLANG_CXX_LANGUAGE_STANDARD = "gnu++17";
				CLANG_CXX_LIBRARY = "libc++";
				CLANG_ENABLE_MODULES = YES;
				CLANG_ENABLE_OBJC_ARC = YES;
				CLANG_ENABLE_OBJC_WEAK = YES;
				CLANG_WARN_BLOCK_CAPTURE_AUTORELEASING = YES;
				CLANG_WARN_BOOL_CONVERSION = YES;
				CLANG_WARN_COMMA = YES;
				CLANG_WARN_CONSTANT_CONVERSION = YES;
				CLANG_WARN_DEPRECATED_OBJC_IMPLEMENTATIONS = YES;
				CLANG_WARN_DIRECT_OBJC_ISA_USAGE = YES_ERROR;
				CLANG_WARN_DOCUMENTATION_COMMENTS = YES;
				CLANG_WARN_EMPTY_BODY = YES;
				CLANG_WARN_ENUM_CONVERSION = YES;
				CLANG_WARN_INFINITE_RECURSION = YES;
				CLANG_WARN_INT_CONVERSION = YES;
				CLANG_WARN_NON_LITERAL_NULL_CONVERSION = YES;
				CLANG_WARN_OBJC_IMPLICIT_RETAIN_SELF = YES;
				CLANG_WARN_OBJC_LITERAL_CONVERSION = YES;
				CLANG_WARN_OBJC_ROOT_CLASS = YES_ERROR;
				CLANG_WARN_QUOTED_INCLUDE_IN_FRAMEWORK_HEADER = YES;
				CLANG_WARN_RANGE_LOOP_ANALYSIS = YES;
				CLANG_WARN_STRICT_PROTOTYPES = YES;
				CLANG_WARN_SUSPICIOUS_MOVE = YES;
				CLANG_WARN_UNGUARDED_AVAILABILITY = YES_AGGRESSIVE;
				CLANG_WARN_UNREACHABLE_CODE = YES;
				CLANG_WARN__DUPLICATE_METHOD_MATCH = YES;
				COPY_PHASE_STRIP = NO;
				DEBUG_INFORMATION_FORMAT = dwarf;
				ENABLE_STRICT_OBJC_MSGSEND = YES;
				ENABLE_TESTABILITY = YES;
				GCC_C_LANGUAGE_STANDARD = gnu11;
				GCC_DYNAMIC_NO_PIC = NO;
				GCC_NO_COMMON_BLOCKS = YES;
				GCC_OPTIMIZATION_LEVEL = 0;
				GCC_PREPROCESSOR_DEFINITIONS = (
					"DEBUG=1",
					"$(inherited)",
				);
				GCC_WARN_64_TO_32_BIT_CONVERSION = YES;
				GCC_WARN_ABOUT_RETURN_TYPE = YES_ERROR;
				GCC_WARN_UNDECLARED_SELECTOR = YES;
				GCC_WARN_UNINITIALIZED_AUTOS = YES_AGGRESSIVE;
				GCC_WARN_UNUSED_FUNCTION = YES;
				GCC_WARN_UNUSED_VARIABLE = YES;
				IPHONEOS_DEPLOYMENT_TARGET = 15.0;
				MTL_ENABLE_DEBUG_INFO = INCLUDE_SOURCE;
				MTL_FAST_MATH = YES;
				ONLY_ACTIVE_ARCH = YES;
				SDKROOT = iphoneos;
				SWIFT_ACTIVE_COMPILATION_CONDITIONS = DEBUG;
				SWIFT_OPTIMIZATION_LEVEL = "-Onone";
			};
			name = Debug;
		};
		FD5F96BD272BD17300C445C7 /* Release */ = {
			isa = XCBuildConfiguration;
			buildSettings = {
				ALWAYS_SEARCH_USER_PATHS = NO;
				CLANG_ANALYZER_NONNULL = YES;
				CLANG_ANALYZER_NUMBER_OBJECT_CONVERSION = YES_AGGRESSIVE;
				CLANG_CXX_LANGUAGE_STANDARD = "gnu++17";
				CLANG_CXX_LIBRARY = "libc++";
				CLANG_ENABLE_MODULES = YES;
				CLANG_ENABLE_OBJC_ARC = YES;
				CLANG_ENABLE_OBJC_WEAK = YES;
				CLANG_WARN_BLOCK_CAPTURE_AUTORELEASING = YES;
				CLANG_WARN_BOOL_CONVERSION = YES;
				CLANG_WARN_COMMA = YES;
				CLANG_WARN_CONSTANT_CONVERSION = YES;
				CLANG_WARN_DEPRECATED_OBJC_IMPLEMENTATIONS = YES;
				CLANG_WARN_DIRECT_OBJC_ISA_USAGE = YES_ERROR;
				CLANG_WARN_DOCUMENTATION_COMMENTS = YES;
				CLANG_WARN_EMPTY_BODY = YES;
				CLANG_WARN_ENUM_CONVERSION = YES;
				CLANG_WARN_INFINITE_RECURSION = YES;
				CLANG_WARN_INT_CONVERSION = YES;
				CLANG_WARN_NON_LITERAL_NULL_CONVERSION = YES;
				CLANG_WARN_OBJC_IMPLICIT_RETAIN_SELF = YES;
				CLANG_WARN_OBJC_LITERAL_CONVERSION = YES;
				CLANG_WARN_OBJC_ROOT_CLASS = YES_ERROR;
				CLANG_WARN_QUOTED_INCLUDE_IN_FRAMEWORK_HEADER = YES;
				CLANG_WARN_RANGE_LOOP_ANALYSIS = YES;
				CLANG_WARN_STRICT_PROTOTYPES = YES;
				CLANG_WARN_SUSPICIOUS_MOVE = YES;
				CLANG_WARN_UNGUARDED_AVAILABILITY = YES_AGGRESSIVE;
				CLANG_WARN_UNREACHABLE_CODE = YES;
				CLANG_WARN__DUPLICATE_METHOD_MATCH = YES;
				COPY_PHASE_STRIP = NO;
				DEBUG_INFORMATION_FORMAT = "dwarf-with-dsym";
				ENABLE_NS_ASSERTIONS = NO;
				ENABLE_STRICT_OBJC_MSGSEND = YES;
				GCC_C_LANGUAGE_STANDARD = gnu11;
				GCC_NO_COMMON_BLOCKS = YES;
				GCC_WARN_64_TO_32_BIT_CONVERSION = YES;
				GCC_WARN_ABOUT_RETURN_TYPE = YES_ERROR;
				GCC_WARN_UNDECLARED_SELECTOR = YES;
				GCC_WARN_UNINITIALIZED_AUTOS = YES_AGGRESSIVE;
				GCC_WARN_UNUSED_FUNCTION = YES;
				GCC_WARN_UNUSED_VARIABLE = YES;
				IPHONEOS_DEPLOYMENT_TARGET = 15.0;
				MTL_ENABLE_DEBUG_INFO = NO;
				MTL_FAST_MATH = YES;
				SDKROOT = iphoneos;
				SWIFT_COMPILATION_MODE = wholemodule;
				SWIFT_OPTIMIZATION_LEVEL = "-O";
				VALIDATE_PRODUCT = YES;
			};
			name = Release;
		};
		FD5F96BF272BD17300C445C7 /* Debug */ = {
			isa = XCBuildConfiguration;
			buildSettings = {
				ASSETCATALOG_COMPILER_APPICON_NAME = AppIcon;
				ASSETCATALOG_COMPILER_GLOBAL_ACCENT_COLOR_NAME = AccentColor;
				CODE_SIGN_STYLE = Automatic;
				CURRENT_PROJECT_VERSION = 1;
				DEVELOPMENT_ASSET_PATHS = "\"ColorChanger/Preview Content\"";
				DEVELOPMENT_TEAM = 93336KV4Q7;
				ENABLE_PREVIEWS = YES;
				GENERATE_INFOPLIST_FILE = YES;
				INFOPLIST_KEY_UIApplicationSceneManifest_Generation = YES;
				INFOPLIST_KEY_UIApplicationSupportsIndirectInputEvents = YES;
				INFOPLIST_KEY_UILaunchScreen_Generation = YES;
				INFOPLIST_KEY_UISupportedInterfaceOrientations_iPad = "UIInterfaceOrientationPortrait UIInterfaceOrientationPortraitUpsideDown UIInterfaceOrientationLandscapeLeft UIInterfaceOrientationLandscapeRight";
				INFOPLIST_KEY_UISupportedInterfaceOrientations_iPhone = "UIInterfaceOrientationPortrait UIInterfaceOrientationLandscapeLeft UIInterfaceOrientationLandscapeRight";
				LD_RUNPATH_SEARCH_PATHS = (
					"$(inherited)",
					"@executable_path/Frameworks",
				);
				MARKETING_VERSION = 1.0;
				PRODUCT_BUNDLE_IDENTIFIER = com.nadzeya.shpakouskaya.ColorChanger;
				PRODUCT_NAME = "$(TARGET_NAME)";
				SWIFT_EMIT_LOC_STRINGS = YES;
				SWIFT_VERSION = 5.0;
				TARGETED_DEVICE_FAMILY = "1,2";
			};
			name = Debug;
		};
		FD5F96C0272BD17300C445C7 /* Release */ = {
			isa = XCBuildConfiguration;
			buildSettings = {
				ASSETCATALOG_COMPILER_APPICON_NAME = AppIcon;
				ASSETCATALOG_COMPILER_GLOBAL_ACCENT_COLOR_NAME = AccentColor;
				CODE_SIGN_STYLE = Automatic;
				CURRENT_PROJECT_VERSION = 1;
				DEVELOPMENT_ASSET_PATHS = "\"ColorChanger/Preview Content\"";
				DEVELOPMENT_TEAM = 93336KV4Q7;
				ENABLE_PREVIEWS = YES;
				GENERATE_INFOPLIST_FILE = YES;
				INFOPLIST_KEY_UIApplicationSceneManifest_Generation = YES;
				INFOPLIST_KEY_UIApplicationSupportsIndirectInputEvents = YES;
				INFOPLIST_KEY_UILaunchScreen_Generation = YES;
				INFOPLIST_KEY_UISupportedInterfaceOrientations_iPad = "UIInterfaceOrientationPortrait UIInterfaceOrientationPortraitUpsideDown UIInterfaceOrientationLandscapeLeft UIInterfaceOrientationLandscapeRight";
				INFOPLIST_KEY_UISupportedInterfaceOrientations_iPhone = "UIInterfaceOrientationPortrait UIInterfaceOrientationLandscapeLeft UIInterfaceOrientationLandscapeRight";
				LD_RUNPATH_SEARCH_PATHS = (
					"$(inherited)",
					"@executable_path/Frameworks",
				);
				MARKETING_VERSION = 1.0;
				PRODUCT_BUNDLE_IDENTIFIER = com.nadzeya.shpakouskaya.ColorChanger;
				PRODUCT_NAME = "$(TARGET_NAME)";
				SWIFT_EMIT_LOC_STRINGS = YES;
				SWIFT_VERSION = 5.0;
				TARGETED_DEVICE_FAMILY = "1,2";
			};
			name = Release;
		};
/* End XCBuildConfiguration section */

/* Begin XCConfigurationList section */
		FD5F96AB272BD17100C445C7 /* Build configuration list for PBXProject "ColorChanger" */ = {
			isa = XCConfigurationList;
			buildConfigurations = (
				FD5F96BC272BD17300C445C7 /* Debug */,
				FD5F96BD272BD17300C445C7 /* Release */,
			);
			defaultConfigurationIsVisible = 0;
			defaultConfigurationName = Release;
		};
		FD5F96BE272BD17300C445C7 /* Build configuration list for PBXNativeTarget "ColorChanger" */ = {
			isa = XCConfigurationList;
			buildConfigurations = (
				FD5F96BF272BD17300C445C7 /* Debug */,
				FD5F96C0272BD17300C445C7 /* Release */,
			);
			defaultConfigurationIsVisible = 0;
			defaultConfigurationName = Release;
		};
/* End XCConfigurationList section */
	};
	rootObject = FD5F96A8272BD17100C445C7 /* Project object */;
}
